
Microsoft Visual Studio Solution File, Format Version 12.00
# Visual Studio Version 16
VisualStudioVersion = 16.0.29609.76
MinimumVisualStudioVersion = 10.0.40219.1
Project("{FAE04EC0-301F-11D3-BF4B-00C04F79EFBC}") = "RecursiveGeek.RegattaBoss.Website", "RecursiveGeek.RegattaBoss.Website\RecursiveGeek.RegattaBoss.Website.csproj", "{900A580E-3622-4C89-96C9-04D0DC3343F8}"
EndProject
Project("{FAE04EC0-301F-11D3-BF4B-00C04F79EFBC}") = "RecursiveGeek.RegattaBoss.Models", "RecursiveGeek.RegattaBoss.Models\RecursiveGeek.RegattaBoss.Models.csproj", "{1EF2819E-01E1-4E9B-B39B-FE4F40C9EB1A}"
EndProject
Global
	GlobalSection(SolutionConfigurationPlatforms) = preSolution
		Debug|Any CPU = Debug|Any CPU
		Release|Any CPU = Release|Any CPU
	EndGlobalSection
	GlobalSection(ProjectConfigurationPlatforms) = postSolution
		{900A580E-3622-4C89-96C9-04D0DC3343F8}.Debug|Any CPU.ActiveCfg = Debug|Any CPU
		{900A580E-3622-4C89-96C9-04D0DC3343F8}.Debug|Any CPU.Build.0 = Debug|Any CPU
		{900A580E-3622-4C89-96C9-04D0DC3343F8}.Release|Any CPU.ActiveCfg = Release|Any CPU
		{900A580E-3622-4C89-96C9-04D0DC3343F8}.Release|Any CPU.Build.0 = Release|Any CPU
		{1EF2819E-01E1-4E9B-B39B-FE4F40C9EB1A}.Debug|Any CPU.ActiveCfg = Debug|Any CPU
		{1EF2819E-01E1-4E9B-B39B-FE4F40C9EB1A}.Debug|Any CPU.Build.0 = Debug|Any CPU
		{1EF2819E-01E1-4E9B-B39B-FE4F40C9EB1A}.Release|Any CPU.ActiveCfg = Release|Any CPU
		{1EF2819E-01E1-4E9B-B39B-FE4F40C9EB1A}.Release|Any CPU.Build.0 = Release|Any CPU
	EndGlobalSection
	GlobalSection(SolutionProperties) = preSolution
		HideSolutionNode = FALSE
	EndGlobalSection
	GlobalSection(ExtensibilityGlobals) = postSolution
		SolutionGuid = {83677F7F-F5AD-468F-9442-5959726EBFFC}
	EndGlobalSection
EndGlobal
